
Microsoft Visual Studio Solution File, Format Version 12.00
# Visual Studio Version 16
VisualStudioVersion = 16.0.29806.167
MinimumVisualStudioVersion = 10.0.40219.1
Project("{8BC9CEB8-8B4A-11D0-8D11-00A0C91BC942}") = "lexer_1", "lexer_1\lexer_1.vcxproj", "{58598333-433F-4951-9EA3-6D673F4CAA80}"
EndProject
Global
	GlobalSection(SolutionConfigurationPlatforms) = preSolution
		Debug|x64 = Debug|x64
		Debug|x86 = Debug|x86
		Release|x64 = Release|x64
		Release|x86 = Release|x86
	EndGlobalSection
	GlobalSection(ProjectConfigurationPlatforms) = postSolution
		{58598333-433F-4951-9EA3-6D673F4CAA80}.Debug|x64.ActiveCfg = Debug|x64
		{58598333-433F-4951-9EA3-6D673F4CAA80}.Debug|x64.Build.0 = Debug|x64
		{58598333-433F-4951-9EA3-6D673F4CAA80}.Debug|x86.ActiveCfg = Debug|Win32
		{58598333-433F-4951-9EA3-6D673F4CAA80}.Debug|x86.Build.0 = Debug|Win32
		{58598333-433F-4951-9EA3-6D673F4CAA80}.Release|x64.ActiveCfg = Release|x64
		{58598333-433F-4951-9EA3-6D673F4CAA80}.Release|x64.Build.0 = Release|x64
		{58598333-433F-4951-9EA3-6D673F4CAA80}.Release|x86.ActiveCfg = Release|Win32
		{58598333-433F-4951-9EA3-6D673F4CAA80}.Release|x86.Build.0 = Release|Win32
	EndGlobalSection
	GlobalSection(SolutionProperties) = preSolution
		HideSolutionNode = FALSE
	EndGlobalSection
	GlobalSection(ExtensibilityGlobals) = postSolution
		SolutionGuid = {31E4D820-C6C8-4E76-8DB0-D73F646212A0}
	EndGlobalSection
EndGlobal
